// !$*UTF8*$!
{
	archiveVersion = 1;
	classes = {
	};
	objectVersion = 48;
	objects = {

/* Begin PBXBuildFile section */
		3F367762226551700080B881 /* AppDelegate.swift in Sources */ = {isa = PBXBuildFile; fileRef = 3F367761226551700080B881 /* AppDelegate.swift */; };
		3F367764226551700080B881 /* FirstViewController.swift in Sources */ = {isa = PBXBuildFile; fileRef = 3F367763226551700080B881 /* FirstViewController.swift */; };
		3F367766226551700080B881 /* SecondViewController.swift in Sources */ = {isa = PBXBuildFile; fileRef = 3F367765226551700080B881 /* SecondViewController.swift */; };
		3F367769226551700080B881 /* Main.storyboard in Resources */ = {isa = PBXBuildFile; fileRef = 3F367767226551700080B881 /* Main.storyboard */; };
		3F36776B226551700080B881 /* Assets.xcassets in Resources */ = {isa = PBXBuildFile; fileRef = 3F36776A226551700080B881 /* Assets.xcassets */; };
		3F36776E226551700080B881 /* LaunchScreen.storyboard in Resources */ = {isa = PBXBuildFile; fileRef = 3F36776C226551700080B881 /* LaunchScreen.storyboard */; };
		3F367779226551700080B881 /* TabbedAppExampleTests.swift in Sources */ = {isa = PBXBuildFile; fileRef = 3F367778226551700080B881 /* TabbedAppExampleTests.swift */; };
		3F367784226551700080B881 /* TabbedAppExampleUITests.swift in Sources */ = {isa = PBXBuildFile; fileRef = 3F367783226551700080B881 /* TabbedAppExampleUITests.swift */; };
/* End PBXBuildFile section */

/* Begin PBXContainerItemProxy section */
		3F367775226551700080B881 /* PBXContainerItemProxy */ = {
			isa = PBXContainerItemProxy;
			containerPortal = 3F367756226551700080B881 /* Project object */;
			proxyType = 1;
			remoteGlobalIDString = 3F36775D226551700080B881;
			remoteInfo = TabbedAppExample;
		};
		3F367780226551700080B881 /* PBXContainerItemProxy */ = {
			isa = PBXContainerItemProxy;
			containerPortal = 3F367756226551700080B881 /* Project object */;
			proxyType = 1;
			remoteGlobalIDString = 3F36775D226551700080B881;
			remoteInfo = TabbedAppExample;
		};
/* End PBXContainerItemProxy section */

/* Begin PBXFileReference section */
		3F36775E226551700080B881 /* TabbedAppExample.app */ = {isa = PBXFileReference; explicitFileType = wrapper.application; includeInIndex = 0; path = TabbedAppExample.app; sourceTree = BUILT_PRODUCTS_DIR; };
		3F367761226551700080B881 /* AppDelegate.swift */ = {isa = PBXFileReference; lastKnownFileType = sourcecode.swift; path = AppDelegate.swift; sourceTree = "<group>"; };
		3F367763226551700080B881 /* FirstViewController.swift */ = {isa = PBXFileReference; lastKnownFileType = sourcecode.swift; path = FirstViewController.swift; sourceTree = "<group>"; };
		3F367765226551700080B881 /* SecondViewController.swift */ = {isa = PBXFileReference; lastKnownFileType = sourcecode.swift; path = SecondViewController.swift; sourceTree = "<group>"; };
		3F367768226551700080B881 /* Base */ = {isa = PBXFileReference; lastKnownFileType = file.storyboard; name = Base; path = Base.lproj/Main.storyboard; sourceTree = "<group>"; };
		3F36776A226551700080B881 /* Assets.xcassets */ = {isa = PBXFileReference; lastKnownFileType = folder.assetcatalog; path = Assets.xcassets; sourceTree = "<group>"; };
		3F36776D226551700080B881 /* Base */ = {isa = PBXFileReference; lastKnownFileType = file.storyboard; name = Base; path = Base.lproj/LaunchScreen.storyboard; sourceTree = "<group>"; };
		3F36776F226551700080B881 /* Info.plist */ = {isa = PBXFileReference; lastKnownFileType = text.plist.xml; path = Info.plist; sourceTree = "<group>"; };
		3F367774226551700080B881 /* TabbedAppExampleTests.xctest */ = {isa = PBXFileReference; explicitFileType = wrapper.cfbundle; includeInIndex = 0; path = TabbedAppExampleTests.xctest; sourceTree = BUILT_PRODUCTS_DIR; };
		3F367778226551700080B881 /* TabbedAppExampleTests.swift */ = {isa = PBXFileReference; lastKnownFileType = sourcecode.swift; path = TabbedAppExampleTests.swift; sourceTree = "<group>"; };
		3F36777A226551700080B881 /* Info.plist */ = {isa = PBXFileReference; lastKnownFileType = text.plist.xml; path = Info.plist; sourceTree = "<group>"; };
		3F36777F226551700080B881 /* TabbedAppExampleUITests.xctest */ = {isa = PBXFileReference; explicitFileType = wrapper.cfbundle; includeInIndex = 0; path = TabbedAppExampleUITests.xctest; sourceTree = BUILT_PRODUCTS_DIR; };
		3F367783226551700080B881 /* TabbedAppExampleUITests.swift */ = {isa = PBXFileReference; lastKnownFileType = sourcecode.swift; path = TabbedAppExampleUITests.swift; sourceTree = "<group>"; };
		3F367785226551700080B881 /* Info.plist */ = {isa = PBXFileReference; lastKnownFileType = text.plist.xml; path = Info.plist; sourceTree = "<group>"; };
/* End PBXFileReference section */

/* Begin PBXFrameworksBuildPhase section */
		3F36775B226551700080B881 /* Frameworks */ = {
			isa = PBXFrameworksBuildPhase;
			buildActionMask = 2147483647;
			files = (
			);
			runOnlyForDeploymentPostprocessing = 0;
		};
		3F367771226551700080B881 /* Frameworks */ = {
			isa = PBXFrameworksBuildPhase;
			buildActionMask = 2147483647;
			files = (
			);
			runOnlyForDeploymentPostprocessing = 0;
		};
		3F36777C226551700080B881 /* Frameworks */ = {
			isa = PBXFrameworksBuildPhase;
			buildActionMask = 2147483647;
			files = (
			);
			runOnlyForDeploymentPostprocessing = 0;
		};
/* End PBXFrameworksBuildPhase section */

/* Begin PBXGroup section */
		3F367755226551700080B881 = {
			isa = PBXGroup;
			children = (
				3F367760226551700080B881 /* TabbedAppExample */,
				3F367777226551700080B881 /* TabbedAppExampleTests */,
				3F367782226551700080B881 /* TabbedAppExampleUITests */,
				3F36775F226551700080B881 /* Products */,
			);
			sourceTree = "<group>";
		};
		3F36775F226551700080B881 /* Products */ = {
			isa = PBXGroup;
			children = (
				3F36775E226551700080B881 /* TabbedAppExample.app */,
				3F367774226551700080B881 /* TabbedAppExampleTests.xctest */,
				3F36777F226551700080B881 /* TabbedAppExampleUITests.xctest */,
			);
			name = Products;
			sourceTree = "<group>";
		};
		3F367760226551700080B881 /* TabbedAppExample */ = {
			isa = PBXGroup;
			children = (
				3F367761226551700080B881 /* AppDelegate.swift */,
				3F367763226551700080B881 /* FirstViewController.swift */,
				3F367765226551700080B881 /* SecondViewController.swift */,
				3F367767226551700080B881 /* Main.storyboard */,
				3F36776A226551700080B881 /* Assets.xcassets */,
				3F36776C226551700080B881 /* LaunchScreen.storyboard */,
				3F36776F226551700080B881 /* Info.plist */,
			);
			path = TabbedAppExample;
			sourceTree = "<group>";
		};
		3F367777226551700080B881 /* TabbedAppExampleTests */ = {
			isa = PBXGroup;
			children = (
				3F367778226551700080B881 /* TabbedAppExampleTests.swift */,
				3F36777A226551700080B881 /* Info.plist */,
			);
			path = TabbedAppExampleTests;
			sourceTree = "<group>";
		};
		3F367782226551700080B881 /* TabbedAppExampleUITests */ = {
			isa = PBXGroup;
			children = (
				3F367783226551700080B881 /* TabbedAppExampleUITests.swift */,
				3F367785226551700080B881 /* Info.plist */,
			);
			path = TabbedAppExampleUITests;
			sourceTree = "<group>";
		};
/* End PBXGroup section */

/* Begin PBXNativeTarget section */
		3F36775D226551700080B881 /* TabbedAppExample */ = {
			isa = PBXNativeTarget;
			buildConfigurationList = 3F367788226551700080B881 /* Build configuration list for PBXNativeTarget "TabbedAppExample" */;
			buildPhases = (
				3F36775A226551700080B881 /* Sources */,
				3F36775B226551700080B881 /* Frameworks */,
				3F36775C226551700080B881 /* Resources */,
			);
			buildRules = (
			);
			dependencies = (
			);
			name = TabbedAppExample;
			productName = TabbedAppExample;
			productReference = 3F36775E226551700080B881 /* TabbedAppExample.app */;
			productType = "com.apple.product-type.application";
		};
		3F367773226551700080B881 /* TabbedAppExampleTests */ = {
			isa = PBXNativeTarget;
			buildConfigurationList = 3F36778B226551700080B881 /* Build configuration list for PBXNativeTarget "TabbedAppExampleTests" */;
			buildPhases = (
				3F367770226551700080B881 /* Sources */,
				3F367771226551700080B881 /* Frameworks */,
				3F367772226551700080B881 /* Resources */,
			);
			buildRules = (
			);
			dependencies = (
				3F367776226551700080B881 /* PBXTargetDependency */,
			);
			name = TabbedAppExampleTests;
			productName = TabbedAppExampleTests;
			productReference = 3F367774226551700080B881 /* TabbedAppExampleTests.xctest */;
			productType = "com.apple.product-type.bundle.unit-test";
		};
		3F36777E226551700080B881 /* TabbedAppExampleUITests */ = {
			isa = PBXNativeTarget;
			buildConfigurationList = 3F36778E226551700080B881 /* Build configuration list for PBXNativeTarget "TabbedAppExampleUITests" */;
			buildPhases = (
				3F36777B226551700080B881 /* Sources */,
				3F36777C226551700080B881 /* Frameworks */,
				3F36777D226551700080B881 /* Resources */,
			);
			buildRules = (
			);
			dependencies = (
				3F367781226551700080B881 /* PBXTargetDependency */,
			);
			name = TabbedAppExampleUITests;
			productName = TabbedAppExampleUITests;
			productReference = 3F36777F226551700080B881 /* TabbedAppExampleUITests.xctest */;
			productType = "com.apple.product-type.bundle.ui-testing";
		};
/* End PBXNativeTarget section */

/* Begin PBXProject section */
		3F367756226551700080B881 /* Project object */ = {
			isa = PBXProject;
			attributes = {
				LastSwiftUpdateCheck = 0920;
				LastUpgradeCheck = 0920;
				ORGANIZATIONNAME = ColeHemp;
				TargetAttributes = {
					3F36775D226551700080B881 = {
						CreatedOnToolsVersion = 9.2;
						ProvisioningStyle = Automatic;
					};
					3F367773226551700080B881 = {
						CreatedOnToolsVersion = 9.2;
						ProvisioningStyle = Automatic;
						TestTargetID = 3F36775D226551700080B881;
					};
					3F36777E226551700080B881 = {
						CreatedOnToolsVersion = 9.2;
						ProvisioningStyle = Automatic;
						TestTargetID = 3F36775D226551700080B881;
					};
				};
			};
			buildConfigurationList = 3F367759226551700080B881 /* Build configuration list for PBXProject "TabbedAppExample" */;
			compatibilityVersion = "Xcode 8.0";
			developmentRegion = en;
			hasScannedForEncodings = 0;
			knownRegions = (
				en,
				Base,
			);
			mainGroup = 3F367755226551700080B881;
			productRefGroup = 3F36775F226551700080B881 /* Products */;
			projectDirPath = "";
			projectRoot = "";
			targets = (
				3F36775D226551700080B881 /* TabbedAppExample */,
				3F367773226551700080B881 /* TabbedAppExampleTests */,
				3F36777E226551700080B881 /* TabbedAppExampleUITests */,
			);
		};
/* End PBXProject section */

/* Begin PBXResourcesBuildPhase section */
		3F36775C226551700080B881 /* Resources */ = {
			isa = PBXResourcesBuildPhase;
			buildActionMask = 2147483647;
			files = (
				3F36776E226551700080B881 /* LaunchScreen.storyboard in Resources */,
				3F36776B226551700080B881 /* Assets.xcassets in Resources */,
				3F367769226551700080B881 /* Main.storyboard in Resources */,
			);
			runOnlyForDeploymentPostprocessing = 0;
		};
		3F367772226551700080B881 /* Resources */ = {
			isa = PBXResourcesBuildPhase;
			buildActionMask = 2147483647;
			files = (
			);
			runOnlyForDeploymentPostprocessing = 0;
		};
		3F36777D226551700080B881 /* Resources */ = {
			isa = PBXResourcesBuildPhase;
			buildActionMask = 2147483647;
			files = (
			);
			runOnlyForDeploymentPostprocessing = 0;
		};
/* End PBXResourcesBuildPhase section */

/* Begin PBXSourcesBuildPhase section */
		3F36775A226551700080B881 /* Sources */ = {
			isa = PBXSourcesBuildPhase;
			buildActionMask = 2147483647;
			files = (
				3F367766226551700080B881 /* SecondViewController.swift in Sources */,
				3F367762226551700080B881 /* AppDelegate.swift in Sources */,
				3F367764226551700080B881 /* FirstViewController.swift in Sources */,
			);
			runOnlyForDeploymentPostprocessing = 0;
		};
		3F367770226551700080B881 /* Sources */ = {
			isa = PBXSourcesBuildPhase;
			buildActionMask = 2147483647;
			files = (
				3F367779226551700080B881 /* TabbedAppExampleTests.swift in Sources */,
			);
			runOnlyForDeploymentPostprocessing = 0;
		};
		3F36777B226551700080B881 /* Sources */ = {
			isa = PBXSourcesBuildPhase;
			buildActionMask = 2147483647;
			files = (
				3F367784226551700080B881 /* TabbedAppExampleUITests.swift in Sources */,
			);
			runOnlyForDeploymentPostprocessing = 0;
		};
/* End PBXSourcesBuildPhase section */

/* Begin PBXTargetDependency section */
		3F367776226551700080B881 /* PBXTargetDependency */ = {
			isa = PBXTargetDependency;
			target = 3F36775D226551700080B881 /* TabbedAppExample */;
			targetProxy = 3F367775226551700080B881 /* PBXContainerItemProxy */;
		};
		3F367781226551700080B881 /* PBXTargetDependency */ = {
			isa = PBXTargetDependency;
			target = 3F36775D226551700080B881 /* TabbedAppExample */;
			targetProxy = 3F367780226551700080B881 /* PBXContainerItemProxy */;
		};
/* End PBXTargetDependency section */

/* Begin PBXVariantGroup section */
		3F367767226551700080B881 /* Main.storyboard */ = {
			isa = PBXVariantGroup;
			children = (
				3F367768226551700080B881 /* Base */,
			);
			name = Main.storyboard;
			sourceTree = "<group>";
		};
		3F36776C226551700080B881 /* LaunchScreen.storyboard */ = {
			isa = PBXVariantGroup;
			children = (
				3F36776D226551700080B881 /* Base */,
			);
			name = LaunchScreen.storyboard;
			sourceTree = "<group>";
		};
/* End PBXVariantGroup section */

/* Begin XCBuildConfiguration section */
		3F367786226551700080B881 /* Debug */ = {
			isa = XCBuildConfiguration;
			buildSettings = {
				ALWAYS_SEARCH_USER_PATHS = NO;
				CLANG_ANALYZER_NONNULL = YES;
				CLANG_ANALYZER_NUMBER_OBJECT_CONVERSION = YES_AGGRESSIVE;
				CLANG_CXX_LANGUAGE_STANDARD = "gnu++14";
				CLANG_CXX_LIBRARY = "libc++";
				CLANG_ENABLE_MODULES = YES;
				CLANG_ENABLE_OBJC_ARC = YES;
				CLANG_WARN_BLOCK_CAPTURE_AUTORELEASING = YES;
				CLANG_WARN_BOOL_CONVERSION = YES;
				CLANG_WARN_COMMA = YES;
				CLANG_WARN_CONSTANT_CONVERSION = YES;
				CLANG_WARN_DIRECT_OBJC_ISA_USAGE = YES_ERROR;
				CLANG_WARN_DOCUMENTATION_COMMENTS = YES;
				CLANG_WARN_EMPTY_BODY = YES;
				CLANG_WARN_ENUM_CONVERSION = YES;
				CLANG_WARN_INFINITE_RECURSION = YES;
				CLANG_WARN_INT_CONVERSION = YES;
				CLANG_WARN_NON_LITERAL_NULL_CONVERSION = YES;
				CLANG_WARN_OBJC_LITERAL_CONVERSION = YES;
				CLANG_WARN_OBJC_ROOT_CLASS = YES_ERROR;
				CLANG_WARN_RANGE_LOOP_ANALYSIS = YES;
				CLANG_WARN_STRICT_PROTOTYPES = YES;
				CLANG_WARN_SUSPICIOUS_MOVE = YES;
				CLANG_WARN_UNGUARDED_AVAILABILITY = YES_AGGRESSIVE;
				CLANG_WARN_UNREACHABLE_CODE = YES;
				CLANG_WARN__DUPLICATE_METHOD_MATCH = YES;
				CODE_SIGN_IDENTITY = "iPhone Developer";
				COPY_PHASE_STRIP = NO;
				DEBUG_INFORMATION_FORMAT = dwarf;
				ENABLE_STRICT_OBJC_MSGSEND = YES;
				ENABLE_TESTABILITY = YES;
				GCC_C_LANGUAGE_STANDARD = gnu11;
				GCC_DYNAMIC_NO_PIC = NO;
				GCC_NO_COMMON_BLOCKS = YES;
				GCC_OPTIMIZATION_LEVEL = 0;
				GCC_PREPROCESSOR_DEFINITIONS = (
					"DEBUG=1",
					"$(inherited)",
				);
				GCC_WARN_64_TO_32_BIT_CONVERSION = YES;
				GCC_WARN_ABOUT_RETURN_TYPE = YES_ERROR;
				GCC_WARN_UNDECLARED_SELECTOR = YES;
				GCC_WARN_UNINITIALIZED_AUTOS = YES_AGGRESSIVE;
				GCC_WARN_UNUSED_FUNCTION = YES;
				GCC_WARN_UNUSED_VARIABLE = YES;
				IPHONEOS_DEPLOYMENT_TARGET = 11.2;
				MTL_ENABLE_DEBUG_INFO = YES;
				ONLY_ACTIVE_ARCH = YES;
				SDKROOT = iphoneos;
				SWIFT_ACTIVE_COMPILATION_CONDITIONS = DEBUG;
				SWIFT_OPTIMIZATION_LEVEL = "-Onone";
			};
			name = Debug;
		};
		3F367787226551700080B881 /* Release */ = {
			isa = XCBuildConfiguration;
			buildSettings = {
				ALWAYS_SEARCH_USER_PATHS = NO;
				CLANG_ANALYZER_NONNULL = YES;
				CLANG_ANALYZER_NUMBER_OBJECT_CONVERSION = YES_AGGRESSIVE;
				CLANG_CXX_LANGUAGE_STANDARD = "gnu++14";
				CLANG_CXX_LIBRARY = "libc++";
				CLANG_ENABLE_MODULES = YES;
				CLANG_ENABLE_OBJC_ARC = YES;
				CLANG_WARN_BLOCK_CAPTURE_AUTORELEASING = YES;
				CLANG_WARN_BOOL_CONVERSION = YES;
				CLANG_WARN_COMMA = YES;
				CLANG_WARN_CONSTANT_CONVERSION = YES;
				CLANG_WARN_DIRECT_OBJC_ISA_USAGE = YES_ERROR;
				CLANG_WARN_DOCUMENTATION_COMMENTS = YES;
				CLANG_WARN_EMPTY_BODY = YES;
				CLANG_WARN_ENUM_CONVERSION = YES;
				CLANG_WARN_INFINITE_RECURSION = YES;
				CLANG_WARN_INT_CONVERSION = YES;
				CLANG_WARN_NON_LITERAL_NULL_CONVERSION = YES;
				CLANG_WARN_OBJC_LITERAL_CONVERSION = YES;
				CLANG_WARN_OBJC_ROOT_CLASS = YES_ERROR;
				CLANG_WARN_RANGE_LOOP_ANALYSIS = YES;
				CLANG_WARN_STRICT_PROTOTYPES = YES;
				CLANG_WARN_SUSPICIOUS_MOVE = YES;
				CLANG_WARN_UNGUARDED_AVAILABILITY = YES_AGGRESSIVE;
				CLANG_WARN_UNREACHABLE_CODE = YES;
				CLANG_WARN__DUPLICATE_METHOD_MATCH = YES;
				CODE_SIGN_IDENTITY = "iPhone Developer";
				COPY_PHASE_STRIP = NO;
				DEBUG_INFORMATION_FORMAT = "dwarf-with-dsym";
				ENABLE_NS_ASSERTIONS = NO;
				ENABLE_STRICT_OBJC_MSGSEND = YES;
				GCC_C_LANGUAGE_STANDARD = gnu11;
				GCC_NO_COMMON_BLOCKS = YES;
				GCC_WARN_64_TO_32_BIT_CONVERSION = YES;
				GCC_WARN_ABOUT_RETURN_TYPE = YES_ERROR;
				GCC_WARN_UNDECLARED_SELECTOR = YES;
				GCC_WARN_UNINITIALIZED_AUTOS = YES_AGGRESSIVE;
				GCC_WARN_UNUSED_FUNCTION = YES;
				GCC_WARN_UNUSED_VARIABLE = YES;
				IPHONEOS_DEPLOYMENT_TARGET = 11.2;
				MTL_ENABLE_DEBUG_INFO = NO;
				SDKROOT = iphoneos;
				SWIFT_OPTIMIZATION_LEVEL = "-Owholemodule";
				VALIDATE_PRODUCT = YES;
			};
			name = Release;
		};
		3F367789226551700080B881 /* Debug */ = {
			isa = XCBuildConfiguration;
			buildSettings = {
				ASSETCATALOG_COMPILER_APPICON_NAME = AppIcon;
				CODE_SIGN_STYLE = Automatic;
				INFOPLIST_FILE = TabbedAppExample/Info.plist;
				LD_RUNPATH_SEARCH_PATHS = "$(inherited) @executable_path/Frameworks";
				PRODUCT_BUNDLE_IDENTIFIER = ColeHemp.TabbedAppExample;
				PRODUCT_NAME = "$(TARGET_NAME)";
				SWIFT_VERSION = 4.0;
				TARGETED_DEVICE_FAMILY = "1,2";
			};
			name = Debug;
		};
		3F36778A226551700080B881 /* Release */ = {
			isa = XCBuildConfiguration;
			buildSettings = {
				ASSETCATALOG_COMPILER_APPICON_NAME = AppIcon;
				CODE_SIGN_STYLE = Automatic;
				INFOPLIST_FILE = TabbedAppExample/Info.plist;
				LD_RUNPATH_SEARCH_PATHS = "$(inherited) @executable_path/Frameworks";
				PRODUCT_BUNDLE_IDENTIFIER = ColeHemp.TabbedAppExample;
				PRODUCT_NAME = "$(TARGET_NAME)";
				SWIFT_VERSION = 4.0;
				TARGETED_DEVICE_FAMILY = "1,2";
			};
			name = Release;
		};
		3F36778C226551700080B881 /* Debug */ = {
			isa = XCBuildConfiguration;
			buildSettings = {
				ALWAYS_EMBED_SWIFT_STANDARD_LIBRARIES = YES;
				BUNDLE_LOADER = "$(TEST_HOST)";
				CODE_SIGN_STYLE = Automatic;
				INFOPLIST_FILE = TabbedAppExampleTests/Info.plist;
				LD_RUNPATH_SEARCH_PATHS = "$(inherited) @executable_path/Frameworks @loader_path/Frameworks";
				PRODUCT_BUNDLE_IDENTIFIER = ColeHemp.TabbedAppExampleTests;
				PRODUCT_NAME = "$(TARGET_NAME)";
				SWIFT_VERSION = 4.0;
				TARGETED_DEVICE_FAMILY = "1,2";
				TEST_HOST = "$(BUILT_PRODUCTS_DIR)/TabbedAppExample.app/TabbedAppExample";
			};
			name = Debug;
		};
		3F36778D226551700080B881 /* Release */ = {
			isa = XCBuildConfiguration;
			buildSettings = {
				ALWAYS_EMBED_SWIFT_STANDARD_LIBRARIES = YES;
				BUNDLE_LOADER = "$(TEST_HOST)";
				CODE_SIGN_STYLE = Automatic;
				INFOPLIST_FILE = TabbedAppExampleTests/Info.plist;
				LD_RUNPATH_SEARCH_PATHS = "$(inherited) @executable_path/Frameworks @loader_path/Frameworks";
				PRODUCT_BUNDLE_IDENTIFIER = ColeHemp.TabbedAppExampleTests;
				PRODUCT_NAME = "$(TARGET_NAME)";
				SWIFT_VERSION = 4.0;
				TARGETED_DEVICE_FAMILY = "1,2";
				TEST_HOST = "$(BUILT_PRODUCTS_DIR)/TabbedAppExample.app/TabbedAppExample";
			};
			name = Release;
		};
		3F36778F226551700080B881 /* Debug */ = {
			isa = XCBuildConfiguration;
			buildSettings = {
				ALWAYS_EMBED_SWIFT_STANDARD_LIBRARIES = YES;
				CODE_SIGN_STYLE = Automatic;
				INFOPLIST_FILE = TabbedAppExampleUITests/Info.plist;
				LD_RUNPATH_SEARCH_PATHS = "$(inherited) @executable_path/Frameworks @loader_path/Frameworks";
				PRODUCT_BUNDLE_IDENTIFIER = ColeHemp.TabbedAppExampleUITests;
				PRODUCT_NAME = "$(TARGET_NAME)";
				SWIFT_VERSION = 4.0;
				TARGETED_DEVICE_FAMILY = "1,2";
				TEST_TARGET_NAME = TabbedAppExample;
			};
			name = Debug;
		};
		3F367790226551700080B881 /* Release */ = {
			isa = XCBuildConfiguration;
			buildSettings = {
				ALWAYS_EMBED_SWIFT_STANDARD_LIBRARIES = YES;
				CODE_SIGN_STYLE = Automatic;
				INFOPLIST_FILE = TabbedAppExampleUITests/Info.plist;
				LD_RUNPATH_SEARCH_PATHS = "$(inherited) @executable_path/Frameworks @loader_path/Frameworks";
				PRODUCT_BUNDLE_IDENTIFIER = ColeHemp.TabbedAppExampleUITests;
				PRODUCT_NAME = "$(TARGET_NAME)";
				SWIFT_VERSION = 4.0;
				TARGETED_DEVICE_FAMILY = "1,2";
				TEST_TARGET_NAME = TabbedAppExample;
			};
			name = Release;
		};
/* End XCBuildConfiguration section */

/* Begin XCConfigurationList section */
		3F367759226551700080B881 /* Build configuration list for PBXProject "TabbedAppExample" */ = {
			isa = XCConfigurationList;
			buildConfigurations = (
				3F367786226551700080B881 /* Debug */,
				3F367787226551700080B881 /* Release */,
			);
			defaultConfigurationIsVisible = 0;
			defaultConfigurationName = Release;
		};
		3F367788226551700080B881 /* Build configuration list for PBXNativeTarget "TabbedAppExample" */ = {
			isa = XCConfigurationList;
			buildConfigurations = (
				3F367789226551700080B881 /* Debug */,
				3F36778A226551700080B881 /* Release */,
			);
			defaultConfigurationIsVisible = 0;
			defaultConfigurationName = Release;
		};
		3F36778B226551700080B881 /* Build configuration list for PBXNativeTarget "TabbedAppExampleTests" */ = {
			isa = XCConfigurationList;
			buildConfigurations = (
				3F36778C226551700080B881 /* Debug */,
				3F36778D226551700080B881 /* Release */,
			);
			defaultConfigurationIsVisible = 0;
			defaultConfigurationName = Release;
		};
		3F36778E226551700080B881 /* Build configuration list for PBXNativeTarget "TabbedAppExampleUITests" */ = {
			isa = XCConfigurationList;
			buildConfigurations = (
				3F36778F226551700080B881 /* Debug */,
				3F367790226551700080B881 /* Release */,
			);
			defaultConfigurationIsVisible = 0;
			defaultConfigurationName = Release;
		};
/* End XCConfigurationList section */
	};
	rootObject = 3F367756226551700080B881 /* Project object */;
}
