// !$*UTF8*$!
{
	archiveVersion = 1;
	classes = {
	};
	objectVersion = 48;
	objects = {

/* Begin PBXBuildFile section */
		3F3677D822655A760080B881 /* AppDelegate.swift in Sources */ = {isa = PBXBuildFile; fileRef = 3F3677D722655A760080B881 /* AppDelegate.swift */; };
		3F3677DA22655A760080B881 /* ViewController.swift in Sources */ = {isa = PBXBuildFile; fileRef = 3F3677D922655A760080B881 /* ViewController.swift */; };
		3F3677DD22655A760080B881 /* Main.storyboard in Resources */ = {isa = PBXBuildFile; fileRef = 3F3677DB22655A760080B881 /* Main.storyboard */; };
		3F3677DF22655A760080B881 /* Assets.xcassets in Resources */ = {isa = PBXBuildFile; fileRef = 3F3677DE22655A760080B881 /* Assets.xcassets */; };
		3F3677E222655A760080B881 /* LaunchScreen.storyboard in Resources */ = {isa = PBXBuildFile; fileRef = 3F3677E022655A760080B881 /* LaunchScreen.storyboard */; };
		3F3677ED22655A760080B881 /* WebKitViewExampleTests.swift in Sources */ = {isa = PBXBuildFile; fileRef = 3F3677EC22655A760080B881 /* WebKitViewExampleTests.swift */; };
		3F3677F822655A760080B881 /* WebKitViewExampleUITests.swift in Sources */ = {isa = PBXBuildFile; fileRef = 3F3677F722655A760080B881 /* WebKitViewExampleUITests.swift */; };
/* End PBXBuildFile section */

/* Begin PBXContainerItemProxy section */
		3F3677E922655A760080B881 /* PBXContainerItemProxy */ = {
			isa = PBXContainerItemProxy;
			containerPortal = 3F3677CC22655A760080B881 /* Project object */;
			proxyType = 1;
			remoteGlobalIDString = 3F3677D322655A760080B881;
			remoteInfo = WebKitViewExample;
		};
		3F3677F422655A760080B881 /* PBXContainerItemProxy */ = {
			isa = PBXContainerItemProxy;
			containerPortal = 3F3677CC22655A760080B881 /* Project object */;
			proxyType = 1;
			remoteGlobalIDString = 3F3677D322655A760080B881;
			remoteInfo = WebKitViewExample;
		};
/* End PBXContainerItemProxy section */

/* Begin PBXFileReference section */
		3F3677D422655A760080B881 /* WebKitViewExample.app */ = {isa = PBXFileReference; explicitFileType = wrapper.application; includeInIndex = 0; path = WebKitViewExample.app; sourceTree = BUILT_PRODUCTS_DIR; };
		3F3677D722655A760080B881 /* AppDelegate.swift */ = {isa = PBXFileReference; lastKnownFileType = sourcecode.swift; path = AppDelegate.swift; sourceTree = "<group>"; };
		3F3677D922655A760080B881 /* ViewController.swift */ = {isa = PBXFileReference; lastKnownFileType = sourcecode.swift; path = ViewController.swift; sourceTree = "<group>"; };
		3F3677DC22655A760080B881 /* Base */ = {isa = PBXFileReference; lastKnownFileType = file.storyboard; name = Base; path = Base.lproj/Main.storyboard; sourceTree = "<group>"; };
		3F3677DE22655A760080B881 /* Assets.xcassets */ = {isa = PBXFileReference; lastKnownFileType = folder.assetcatalog; path = Assets.xcassets; sourceTree = "<group>"; };
		3F3677E122655A760080B881 /* Base */ = {isa = PBXFileReference; lastKnownFileType = file.storyboard; name = Base; path = Base.lproj/LaunchScreen.storyboard; sourceTree = "<group>"; };
		3F3677E322655A760080B881 /* Info.plist */ = {isa = PBXFileReference; lastKnownFileType = text.plist.xml; path = Info.plist; sourceTree = "<group>"; };
		3F3677E822655A760080B881 /* WebKitViewExampleTests.xctest */ = {isa = PBXFileReference; explicitFileType = wrapper.cfbundle; includeInIndex = 0; path = WebKitViewExampleTests.xctest; sourceTree = BUILT_PRODUCTS_DIR; };
		3F3677EC22655A760080B881 /* WebKitViewExampleTests.swift */ = {isa = PBXFileReference; lastKnownFileType = sourcecode.swift; path = WebKitViewExampleTests.swift; sourceTree = "<group>"; };
		3F3677EE22655A760080B881 /* Info.plist */ = {isa = PBXFileReference; lastKnownFileType = text.plist.xml; path = Info.plist; sourceTree = "<group>"; };
		3F3677F322655A760080B881 /* WebKitViewExampleUITests.xctest */ = {isa = PBXFileReference; explicitFileType = wrapper.cfbundle; includeInIndex = 0; path = WebKitViewExampleUITests.xctest; sourceTree = BUILT_PRODUCTS_DIR; };
		3F3677F722655A760080B881 /* WebKitViewExampleUITests.swift */ = {isa = PBXFileReference; lastKnownFileType = sourcecode.swift; path = WebKitViewExampleUITests.swift; sourceTree = "<group>"; };
		3F3677F922655A760080B881 /* Info.plist */ = {isa = PBXFileReference; lastKnownFileType = text.plist.xml; path = Info.plist; sourceTree = "<group>"; };
/* End PBXFileReference section */

/* Begin PBXFrameworksBuildPhase section */
		3F3677D122655A760080B881 /* Frameworks */ = {
			isa = PBXFrameworksBuildPhase;
			buildActionMask = 2147483647;
			files = (
			);
			runOnlyForDeploymentPostprocessing = 0;
		};
		3F3677E522655A760080B881 /* Frameworks */ = {
			isa = PBXFrameworksBuildPhase;
			buildActionMask = 2147483647;
			files = (
			);
			runOnlyForDeploymentPostprocessing = 0;
		};
		3F3677F022655A760080B881 /* Frameworks */ = {
			isa = PBXFrameworksBuildPhase;
			buildActionMask = 2147483647;
			files = (
			);
			runOnlyForDeploymentPostprocessing = 0;
		};
/* End PBXFrameworksBuildPhase section */

/* Begin PBXGroup section */
		3F3677CB22655A760080B881 = {
			isa = PBXGroup;
			children = (
				3F3677D622655A760080B881 /* WebKitViewExample */,
				3F3677EB22655A760080B881 /* WebKitViewExampleTests */,
				3F3677F622655A760080B881 /* WebKitViewExampleUITests */,
				3F3677D522655A760080B881 /* Products */,
			);
			sourceTree = "<group>";
		};
		3F3677D522655A760080B881 /* Products */ = {
			isa = PBXGroup;
			children = (
				3F3677D422655A760080B881 /* WebKitViewExample.app */,
				3F3677E822655A760080B881 /* WebKitViewExampleTests.xctest */,
				3F3677F322655A760080B881 /* WebKitViewExampleUITests.xctest */,
			);
			name = Products;
			sourceTree = "<group>";
		};
		3F3677D622655A760080B881 /* WebKitViewExample */ = {
			isa = PBXGroup;
			children = (
				3F3677D722655A760080B881 /* AppDelegate.swift */,
				3F3677D922655A760080B881 /* ViewController.swift */,
				3F3677DB22655A760080B881 /* Main.storyboard */,
				3F3677DE22655A760080B881 /* Assets.xcassets */,
				3F3677E022655A760080B881 /* LaunchScreen.storyboard */,
				3F3677E322655A760080B881 /* Info.plist */,
			);
			path = WebKitViewExample;
			sourceTree = "<group>";
		};
		3F3677EB22655A760080B881 /* WebKitViewExampleTests */ = {
			isa = PBXGroup;
			children = (
				3F3677EC22655A760080B881 /* WebKitViewExampleTests.swift */,
				3F3677EE22655A760080B881 /* Info.plist */,
			);
			path = WebKitViewExampleTests;
			sourceTree = "<group>";
		};
		3F3677F622655A760080B881 /* WebKitViewExampleUITests */ = {
			isa = PBXGroup;
			children = (
				3F3677F722655A760080B881 /* WebKitViewExampleUITests.swift */,
				3F3677F922655A760080B881 /* Info.plist */,
			);
			path = WebKitViewExampleUITests;
			sourceTree = "<group>";
		};
/* End PBXGroup section */

/* Begin PBXNativeTarget section */
		3F3677D322655A760080B881 /* WebKitViewExample */ = {
			isa = PBXNativeTarget;
			buildConfigurationList = 3F3677FC22655A760080B881 /* Build configuration list for PBXNativeTarget "WebKitViewExample" */;
			buildPhases = (
				3F3677D022655A760080B881 /* Sources */,
				3F3677D122655A760080B881 /* Frameworks */,
				3F3677D222655A760080B881 /* Resources */,
			);
			buildRules = (
			);
			dependencies = (
			);
			name = WebKitViewExample;
			productName = WebKitViewExample;
			productReference = 3F3677D422655A760080B881 /* WebKitViewExample.app */;
			productType = "com.apple.product-type.application";
		};
		3F3677E722655A760080B881 /* WebKitViewExampleTests */ = {
			isa = PBXNativeTarget;
			buildConfigurationList = 3F3677FF22655A760080B881 /* Build configuration list for PBXNativeTarget "WebKitViewExampleTests" */;
			buildPhases = (
				3F3677E422655A760080B881 /* Sources */,
				3F3677E522655A760080B881 /* Frameworks */,
				3F3677E622655A760080B881 /* Resources */,
			);
			buildRules = (
			);
			dependencies = (
				3F3677EA22655A760080B881 /* PBXTargetDependency */,
			);
			name = WebKitViewExampleTests;
			productName = WebKitViewExampleTests;
			productReference = 3F3677E822655A760080B881 /* WebKitViewExampleTests.xctest */;
			productType = "com.apple.product-type.bundle.unit-test";
		};
		3F3677F222655A760080B881 /* WebKitViewExampleUITests */ = {
			isa = PBXNativeTarget;
			buildConfigurationList = 3F36780222655A760080B881 /* Build configuration list for PBXNativeTarget "WebKitViewExampleUITests" */;
			buildPhases = (
				3F3677EF22655A760080B881 /* Sources */,
				3F3677F022655A760080B881 /* Frameworks */,
				3F3677F122655A760080B881 /* Resources */,
			);
			buildRules = (
			);
			dependencies = (
				3F3677F522655A760080B881 /* PBXTargetDependency */,
			);
			name = WebKitViewExampleUITests;
			productName = WebKitViewExampleUITests;
			productReference = 3F3677F322655A760080B881 /* WebKitViewExampleUITests.xctest */;
			productType = "com.apple.product-type.bundle.ui-testing";
		};
/* End PBXNativeTarget section */

/* Begin PBXProject section */
		3F3677CC22655A760080B881 /* Project object */ = {
			isa = PBXProject;
			attributes = {
				LastSwiftUpdateCheck = 0920;
				LastUpgradeCheck = 0920;
				ORGANIZATIONNAME = ColeHemp;
				TargetAttributes = {
					3F3677D322655A760080B881 = {
						CreatedOnToolsVersion = 9.2;
						ProvisioningStyle = Automatic;
					};
					3F3677E722655A760080B881 = {
						CreatedOnToolsVersion = 9.2;
						ProvisioningStyle = Automatic;
						TestTargetID = 3F3677D322655A760080B881;
					};
					3F3677F222655A760080B881 = {
						CreatedOnToolsVersion = 9.2;
						ProvisioningStyle = Automatic;
						TestTargetID = 3F3677D322655A760080B881;
					};
				};
			};
			buildConfigurationList = 3F3677CF22655A760080B881 /* Build configuration list for PBXProject "WebKitViewExample" */;
			compatibilityVersion = "Xcode 8.0";
			developmentRegion = en;
			hasScannedForEncodings = 0;
			knownRegions = (
				en,
				Base,
			);
			mainGroup = 3F3677CB22655A760080B881;
			productRefGroup = 3F3677D522655A760080B881 /* Products */;
			projectDirPath = "";
			projectRoot = "";
			targets = (
				3F3677D322655A760080B881 /* WebKitViewExample */,
				3F3677E722655A760080B881 /* WebKitViewExampleTests */,
				3F3677F222655A760080B881 /* WebKitViewExampleUITests */,
			);
		};
/* End PBXProject section */

/* Begin PBXResourcesBuildPhase section */
		3F3677D222655A760080B881 /* Resources */ = {
			isa = PBXResourcesBuildPhase;
			buildActionMask = 2147483647;
			files = (
				3F3677E222655A760080B881 /* LaunchScreen.storyboard in Resources */,
				3F3677DF22655A760080B881 /* Assets.xcassets in Resources */,
				3F3677DD22655A760080B881 /* Main.storyboard in Resources */,
			);
			runOnlyForDeploymentPostprocessing = 0;
		};
		3F3677E622655A760080B881 /* Resources */ = {
			isa = PBXResourcesBuildPhase;
			buildActionMask = 2147483647;
			files = (
			);
			runOnlyForDeploymentPostprocessing = 0;
		};
		3F3677F122655A760080B881 /* Resources */ = {
			isa = PBXResourcesBuildPhase;
			buildActionMask = 2147483647;
			files = (
			);
			runOnlyForDeploymentPostprocessing = 0;
		};
/* End PBXResourcesBuildPhase section */

/* Begin PBXSourcesBuildPhase section */
		3F3677D022655A760080B881 /* Sources */ = {
			isa = PBXSourcesBuildPhase;
			buildActionMask = 2147483647;
			files = (
				3F3677DA22655A760080B881 /* ViewController.swift in Sources */,
				3F3677D822655A760080B881 /* AppDelegate.swift in Sources */,
			);
			runOnlyForDeploymentPostprocessing = 0;
		};
		3F3677E422655A760080B881 /* Sources */ = {
			isa = PBXSourcesBuildPhase;
			buildActionMask = 2147483647;
			files = (
				3F3677ED22655A760080B881 /* WebKitViewExampleTests.swift in Sources */,
			);
			runOnlyForDeploymentPostprocessing = 0;
		};
		3F3677EF22655A760080B881 /* Sources */ = {
			isa = PBXSourcesBuildPhase;
			buildActionMask = 2147483647;
			files = (
				3F3677F822655A760080B881 /* WebKitViewExampleUITests.swift in Sources */,
			);
			runOnlyForDeploymentPostprocessing = 0;
		};
/* End PBXSourcesBuildPhase section */

/* Begin PBXTargetDependency section */
		3F3677EA22655A760080B881 /* PBXTargetDependency */ = {
			isa = PBXTargetDependency;
			target = 3F3677D322655A760080B881 /* WebKitViewExample */;
			targetProxy = 3F3677E922655A760080B881 /* PBXContainerItemProxy */;
		};
		3F3677F522655A760080B881 /* PBXTargetDependency */ = {
			isa = PBXTargetDependency;
			target = 3F3677D322655A760080B881 /* WebKitViewExample */;
			targetProxy = 3F3677F422655A760080B881 /* PBXContainerItemProxy */;
		};
/* End PBXTargetDependency section */

/* Begin PBXVariantGroup section */
		3F3677DB22655A760080B881 /* Main.storyboard */ = {
			isa = PBXVariantGroup;
			children = (
				3F3677DC22655A760080B881 /* Base */,
			);
			name = Main.storyboard;
			sourceTree = "<group>";
		};
		3F3677E022655A760080B881 /* LaunchScreen.storyboard */ = {
			isa = PBXVariantGroup;
			children = (
				3F3677E122655A760080B881 /* Base */,
			);
			name = LaunchScreen.storyboard;
			sourceTree = "<group>";
		};
/* End PBXVariantGroup section */

/* Begin XCBuildConfiguration section */
		3F3677FA22655A760080B881 /* Debug */ = {
			isa = XCBuildConfiguration;
			buildSettings = {
				ALWAYS_SEARCH_USER_PATHS = NO;
				CLANG_ANALYZER_NONNULL = YES;
				CLANG_ANALYZER_NUMBER_OBJECT_CONVERSION = YES_AGGRESSIVE;
				CLANG_CXX_LANGUAGE_STANDARD = "gnu++14";
				CLANG_CXX_LIBRARY = "libc++";
				CLANG_ENABLE_MODULES = YES;
				CLANG_ENABLE_OBJC_ARC = YES;
				CLANG_WARN_BLOCK_CAPTURE_AUTORELEASING = YES;
				CLANG_WARN_BOOL_CONVERSION = YES;
				CLANG_WARN_COMMA = YES;
				CLANG_WARN_CONSTANT_CONVERSION = YES;
				CLANG_WARN_DIRECT_OBJC_ISA_USAGE = YES_ERROR;
				CLANG_WARN_DOCUMENTATION_COMMENTS = YES;
				CLANG_WARN_EMPTY_BODY = YES;
				CLANG_WARN_ENUM_CONVERSION = YES;
				CLANG_WARN_INFINITE_RECURSION = YES;
				CLANG_WARN_INT_CONVERSION = YES;
				CLANG_WARN_NON_LITERAL_NULL_CONVERSION = YES;
				CLANG_WARN_OBJC_LITERAL_CONVERSION = YES;
				CLANG_WARN_OBJC_ROOT_CLASS = YES_ERROR;
				CLANG_WARN_RANGE_LOOP_ANALYSIS = YES;
				CLANG_WARN_STRICT_PROTOTYPES = YES;
				CLANG_WARN_SUSPICIOUS_MOVE = YES;
				CLANG_WARN_UNGUARDED_AVAILABILITY = YES_AGGRESSIVE;
				CLANG_WARN_UNREACHABLE_CODE = YES;
				CLANG_WARN__DUPLICATE_METHOD_MATCH = YES;
				CODE_SIGN_IDENTITY = "iPhone Developer";
				COPY_PHASE_STRIP = NO;
				DEBUG_INFORMATION_FORMAT = dwarf;
				ENABLE_STRICT_OBJC_MSGSEND = YES;
				ENABLE_TESTABILITY = YES;
				GCC_C_LANGUAGE_STANDARD = gnu11;
				GCC_DYNAMIC_NO_PIC = NO;
				GCC_NO_COMMON_BLOCKS = YES;
				GCC_OPTIMIZATION_LEVEL = 0;
				GCC_PREPROCESSOR_DEFINITIONS = (
					"DEBUG=1",
					"$(inherited)",
				);
				GCC_WARN_64_TO_32_BIT_CONVERSION = YES;
				GCC_WARN_ABOUT_RETURN_TYPE = YES_ERROR;
				GCC_WARN_UNDECLARED_SELECTOR = YES;
				GCC_WARN_UNINITIALIZED_AUTOS = YES_AGGRESSIVE;
				GCC_WARN_UNUSED_FUNCTION = YES;
				GCC_WARN_UNUSED_VARIABLE = YES;
				IPHONEOS_DEPLOYMENT_TARGET = 11.2;
				MTL_ENABLE_DEBUG_INFO = YES;
				ONLY_ACTIVE_ARCH = YES;
				SDKROOT = iphoneos;
				SWIFT_ACTIVE_COMPILATION_CONDITIONS = DEBUG;
				SWIFT_OPTIMIZATION_LEVEL = "-Onone";
			};
			name = Debug;
		};
		3F3677FB22655A760080B881 /* Release */ = {
			isa = XCBuildConfiguration;
			buildSettings = {
				ALWAYS_SEARCH_USER_PATHS = NO;
				CLANG_ANALYZER_NONNULL = YES;
				CLANG_ANALYZER_NUMBER_OBJECT_CONVERSION = YES_AGGRESSIVE;
				CLANG_CXX_LANGUAGE_STANDARD = "gnu++14";
				CLANG_CXX_LIBRARY = "libc++";
				CLANG_ENABLE_MODULES = YES;
				CLANG_ENABLE_OBJC_ARC = YES;
				CLANG_WARN_BLOCK_CAPTURE_AUTORELEASING = YES;
				CLANG_WARN_BOOL_CONVERSION = YES;
				CLANG_WARN_COMMA = YES;
				CLANG_WARN_CONSTANT_CONVERSION = YES;
				CLANG_WARN_DIRECT_OBJC_ISA_USAGE = YES_ERROR;
				CLANG_WARN_DOCUMENTATION_COMMENTS = YES;
				CLANG_WARN_EMPTY_BODY = YES;
				CLANG_WARN_ENUM_CONVERSION = YES;
				CLANG_WARN_INFINITE_RECURSION = YES;
				CLANG_WARN_INT_CONVERSION = YES;
				CLANG_WARN_NON_LITERAL_NULL_CONVERSION = YES;
				CLANG_WARN_OBJC_LITERAL_CONVERSION = YES;
				CLANG_WARN_OBJC_ROOT_CLASS = YES_ERROR;
				CLANG_WARN_RANGE_LOOP_ANALYSIS = YES;
				CLANG_WARN_STRICT_PROTOTYPES = YES;
				CLANG_WARN_SUSPICIOUS_MOVE = YES;
				CLANG_WARN_UNGUARDED_AVAILABILITY = YES_AGGRESSIVE;
				CLANG_WARN_UNREACHABLE_CODE = YES;
				CLANG_WARN__DUPLICATE_METHOD_MATCH = YES;
				CODE_SIGN_IDENTITY = "iPhone Developer";
				COPY_PHASE_STRIP = NO;
				DEBUG_INFORMATION_FORMAT = "dwarf-with-dsym";
				ENABLE_NS_ASSERTIONS = NO;
				ENABLE_STRICT_OBJC_MSGSEND = YES;
				GCC_C_LANGUAGE_STANDARD = gnu11;
				GCC_NO_COMMON_BLOCKS = YES;
				GCC_WARN_64_TO_32_BIT_CONVERSION = YES;
				GCC_WARN_ABOUT_RETURN_TYPE = YES_ERROR;
				GCC_WARN_UNDECLARED_SELECTOR = YES;
				GCC_WARN_UNINITIALIZED_AUTOS = YES_AGGRESSIVE;
				GCC_WARN_UNUSED_FUNCTION = YES;
				GCC_WARN_UNUSED_VARIABLE = YES;
				IPHONEOS_DEPLOYMENT_TARGET = 11.2;
				MTL_ENABLE_DEBUG_INFO = NO;
				SDKROOT = iphoneos;
				SWIFT_OPTIMIZATION_LEVEL = "-Owholemodule";
				VALIDATE_PRODUCT = YES;
			};
			name = Release;
		};
		3F3677FD22655A760080B881 /* Debug */ = {
			isa = XCBuildConfiguration;
			buildSettings = {
				ASSETCATALOG_COMPILER_APPICON_NAME = AppIcon;
				CODE_SIGN_STYLE = Automatic;
				INFOPLIST_FILE = WebKitViewExample/Info.plist;
				LD_RUNPATH_SEARCH_PATHS = "$(inherited) @executable_path/Frameworks";
				PRODUCT_BUNDLE_IDENTIFIER = ColeHemp.WebKitViewExample;
				PRODUCT_NAME = "$(TARGET_NAME)";
				SWIFT_VERSION = 4.0;
				TARGETED_DEVICE_FAMILY = "1,2";
			};
			name = Debug;
		};
		3F3677FE22655A760080B881 /* Release */ = {
			isa = XCBuildConfiguration;
			buildSettings = {
				ASSETCATALOG_COMPILER_APPICON_NAME = AppIcon;
				CODE_SIGN_STYLE = Automatic;
				INFOPLIST_FILE = WebKitViewExample/Info.plist;
				LD_RUNPATH_SEARCH_PATHS = "$(inherited) @executable_path/Frameworks";
				PRODUCT_BUNDLE_IDENTIFIER = ColeHemp.WebKitViewExample;
				PRODUCT_NAME = "$(TARGET_NAME)";
				SWIFT_VERSION = 4.0;
				TARGETED_DEVICE_FAMILY = "1,2";
			};
			name = Release;
		};
		3F36780022655A760080B881 /* Debug */ = {
			isa = XCBuildConfiguration;
			buildSettings = {
				ALWAYS_EMBED_SWIFT_STANDARD_LIBRARIES = YES;
				BUNDLE_LOADER = "$(TEST_HOST)";
				CODE_SIGN_STYLE = Automatic;
				INFOPLIST_FILE = WebKitViewExampleTests/Info.plist;
				LD_RUNPATH_SEARCH_PATHS = "$(inherited) @executable_path/Frameworks @loader_path/Frameworks";
				PRODUCT_BUNDLE_IDENTIFIER = ColeHemp.WebKitViewExampleTests;
				PRODUCT_NAME = "$(TARGET_NAME)";
				SWIFT_VERSION = 4.0;
				TARGETED_DEVICE_FAMILY = "1,2";
				TEST_HOST = "$(BUILT_PRODUCTS_DIR)/WebKitViewExample.app/WebKitViewExample";
			};
			name = Debug;
		};
		3F36780122655A760080B881 /* Release */ = {
			isa = XCBuildConfiguration;
			buildSettings = {
				ALWAYS_EMBED_SWIFT_STANDARD_LIBRARIES = YES;
				BUNDLE_LOADER = "$(TEST_HOST)";
				CODE_SIGN_STYLE = Automatic;
				INFOPLIST_FILE = WebKitViewExampleTests/Info.plist;
				LD_RUNPATH_SEARCH_PATHS = "$(inherited) @executable_path/Frameworks @loader_path/Frameworks";
				PRODUCT_BUNDLE_IDENTIFIER = ColeHemp.WebKitViewExampleTests;
				PRODUCT_NAME = "$(TARGET_NAME)";
				SWIFT_VERSION = 4.0;
				TARGETED_DEVICE_FAMILY = "1,2";
				TEST_HOST = "$(BUILT_PRODUCTS_DIR)/WebKitViewExample.app/WebKitViewExample";
			};
			name = Release;
		};
		3F36780322655A760080B881 /* Debug */ = {
			isa = XCBuildConfiguration;
			buildSettings = {
				ALWAYS_EMBED_SWIFT_STANDARD_LIBRARIES = YES;
				CODE_SIGN_STYLE = Automatic;
				INFOPLIST_FILE = WebKitViewExampleUITests/Info.plist;
				LD_RUNPATH_SEARCH_PATHS = "$(inherited) @executable_path/Frameworks @loader_path/Frameworks";
				PRODUCT_BUNDLE_IDENTIFIER = ColeHemp.WebKitViewExampleUITests;
				PRODUCT_NAME = "$(TARGET_NAME)";
				SWIFT_VERSION = 4.0;
				TARGETED_DEVICE_FAMILY = "1,2";
				TEST_TARGET_NAME = WebKitViewExample;
			};
			name = Debug;
		};
		3F36780422655A760080B881 /* Release */ = {
			isa = XCBuildConfiguration;
			buildSettings = {
				ALWAYS_EMBED_SWIFT_STANDARD_LIBRARIES = YES;
				CODE_SIGN_STYLE = Automatic;
				INFOPLIST_FILE = WebKitViewExampleUITests/Info.plist;
				LD_RUNPATH_SEARCH_PATHS = "$(inherited) @executable_path/Frameworks @loader_path/Frameworks";
				PRODUCT_BUNDLE_IDENTIFIER = ColeHemp.WebKitViewExampleUITests;
				PRODUCT_NAME = "$(TARGET_NAME)";
				SWIFT_VERSION = 4.0;
				TARGETED_DEVICE_FAMILY = "1,2";
				TEST_TARGET_NAME = WebKitViewExample;
			};
			name = Release;
		};
/* End XCBuildConfiguration section */

/* Begin XCConfigurationList section */
		3F3677CF22655A760080B881 /* Build configuration list for PBXProject "WebKitViewExample" */ = {
			isa = XCConfigurationList;
			buildConfigurations = (
				3F3677FA22655A760080B881 /* Debug */,
				3F3677FB22655A760080B881 /* Release */,
			);
			defaultConfigurationIsVisible = 0;
			defaultConfigurationName = Release;
		};
		3F3677FC22655A760080B881 /* Build configuration list for PBXNativeTarget "WebKitViewExample" */ = {
			isa = XCConfigurationList;
			buildConfigurations = (
				3F3677FD22655A760080B881 /* Debug */,
				3F3677FE22655A760080B881 /* Release */,
			);
			defaultConfigurationIsVisible = 0;
			defaultConfigurationName = Release;
		};
		3F3677FF22655A760080B881 /* Build configuration list for PBXNativeTarget "WebKitViewExampleTests" */ = {
			isa = XCConfigurationList;
			buildConfigurations = (
				3F36780022655A760080B881 /* Debug */,
				3F36780122655A760080B881 /* Release */,
			);
			defaultConfigurationIsVisible = 0;
			defaultConfigurationName = Release;
		};
		3F36780222655A760080B881 /* Build configuration list for PBXNativeTarget "WebKitViewExampleUITests" */ = {
			isa = XCConfigurationList;
			buildConfigurations = (
				3F36780322655A760080B881 /* Debug */,
				3F36780422655A760080B881 /* Release */,
			);
			defaultConfigurationIsVisible = 0;
			defaultConfigurationName = Release;
		};
/* End XCConfigurationList section */
	};
	rootObject = 3F3677CC22655A760080B881 /* Project object */;
}
