// !$*UTF8*$!
{
	archiveVersion = 1;
	classes = {
	};
	objectVersion = 48;
	objects = {

/* Begin PBXBuildFile section */
		3F36779E226554820080B881 /* AppDelegate.swift in Sources */ = {isa = PBXBuildFile; fileRef = 3F36779D226554820080B881 /* AppDelegate.swift */; };
		3F3677A0226554820080B881 /* ViewController.swift in Sources */ = {isa = PBXBuildFile; fileRef = 3F36779F226554820080B881 /* ViewController.swift */; };
		3F3677A3226554820080B881 /* Main.storyboard in Resources */ = {isa = PBXBuildFile; fileRef = 3F3677A1226554820080B881 /* Main.storyboard */; };
		3F3677A5226554820080B881 /* Assets.xcassets in Resources */ = {isa = PBXBuildFile; fileRef = 3F3677A4226554820080B881 /* Assets.xcassets */; };
		3F3677A8226554820080B881 /* LaunchScreen.storyboard in Resources */ = {isa = PBXBuildFile; fileRef = 3F3677A6226554820080B881 /* LaunchScreen.storyboard */; };
		3F3677B3226554820080B881 /* ImageWebViewTests.swift in Sources */ = {isa = PBXBuildFile; fileRef = 3F3677B2226554820080B881 /* ImageWebViewTests.swift */; };
		3F3677BE226554820080B881 /* ImageWebViewUITests.swift in Sources */ = {isa = PBXBuildFile; fileRef = 3F3677BD226554820080B881 /* ImageWebViewUITests.swift */; };
/* End PBXBuildFile section */

/* Begin PBXContainerItemProxy section */
		3F3677AF226554820080B881 /* PBXContainerItemProxy */ = {
			isa = PBXContainerItemProxy;
			containerPortal = 3F367792226554820080B881 /* Project object */;
			proxyType = 1;
			remoteGlobalIDString = 3F367799226554820080B881;
			remoteInfo = ImageWebView;
		};
		3F3677BA226554820080B881 /* PBXContainerItemProxy */ = {
			isa = PBXContainerItemProxy;
			containerPortal = 3F367792226554820080B881 /* Project object */;
			proxyType = 1;
			remoteGlobalIDString = 3F367799226554820080B881;
			remoteInfo = ImageWebView;
		};
/* End PBXContainerItemProxy section */

/* Begin PBXFileReference section */
		3F36779A226554820080B881 /* ImageWebView.app */ = {isa = PBXFileReference; explicitFileType = wrapper.application; includeInIndex = 0; path = ImageWebView.app; sourceTree = BUILT_PRODUCTS_DIR; };
		3F36779D226554820080B881 /* AppDelegate.swift */ = {isa = PBXFileReference; lastKnownFileType = sourcecode.swift; path = AppDelegate.swift; sourceTree = "<group>"; };
		3F36779F226554820080B881 /* ViewController.swift */ = {isa = PBXFileReference; lastKnownFileType = sourcecode.swift; path = ViewController.swift; sourceTree = "<group>"; };
		3F3677A2226554820080B881 /* Base */ = {isa = PBXFileReference; lastKnownFileType = file.storyboard; name = Base; path = Base.lproj/Main.storyboard; sourceTree = "<group>"; };
		3F3677A4226554820080B881 /* Assets.xcassets */ = {isa = PBXFileReference; lastKnownFileType = folder.assetcatalog; path = Assets.xcassets; sourceTree = "<group>"; };
		3F3677A7226554820080B881 /* Base */ = {isa = PBXFileReference; lastKnownFileType = file.storyboard; name = Base; path = Base.lproj/LaunchScreen.storyboard; sourceTree = "<group>"; };
		3F3677A9226554820080B881 /* Info.plist */ = {isa = PBXFileReference; lastKnownFileType = text.plist.xml; path = Info.plist; sourceTree = "<group>"; };
		3F3677AE226554820080B881 /* ImageWebViewTests.xctest */ = {isa = PBXFileReference; explicitFileType = wrapper.cfbundle; includeInIndex = 0; path = ImageWebViewTests.xctest; sourceTree = BUILT_PRODUCTS_DIR; };
		3F3677B2226554820080B881 /* ImageWebViewTests.swift */ = {isa = PBXFileReference; lastKnownFileType = sourcecode.swift; path = ImageWebViewTests.swift; sourceTree = "<group>"; };
		3F3677B4226554820080B881 /* Info.plist */ = {isa = PBXFileReference; lastKnownFileType = text.plist.xml; path = Info.plist; sourceTree = "<group>"; };
		3F3677B9226554820080B881 /* ImageWebViewUITests.xctest */ = {isa = PBXFileReference; explicitFileType = wrapper.cfbundle; includeInIndex = 0; path = ImageWebViewUITests.xctest; sourceTree = BUILT_PRODUCTS_DIR; };
		3F3677BD226554820080B881 /* ImageWebViewUITests.swift */ = {isa = PBXFileReference; lastKnownFileType = sourcecode.swift; path = ImageWebViewUITests.swift; sourceTree = "<group>"; };
		3F3677BF226554820080B881 /* Info.plist */ = {isa = PBXFileReference; lastKnownFileType = text.plist.xml; path = Info.plist; sourceTree = "<group>"; };
/* End PBXFileReference section */

/* Begin PBXFrameworksBuildPhase section */
		3F367797226554820080B881 /* Frameworks */ = {
			isa = PBXFrameworksBuildPhase;
			buildActionMask = 2147483647;
			files = (
			);
			runOnlyForDeploymentPostprocessing = 0;
		};
		3F3677AB226554820080B881 /* Frameworks */ = {
			isa = PBXFrameworksBuildPhase;
			buildActionMask = 2147483647;
			files = (
			);
			runOnlyForDeploymentPostprocessing = 0;
		};
		3F3677B6226554820080B881 /* Frameworks */ = {
			isa = PBXFrameworksBuildPhase;
			buildActionMask = 2147483647;
			files = (
			);
			runOnlyForDeploymentPostprocessing = 0;
		};
/* End PBXFrameworksBuildPhase section */

/* Begin PBXGroup section */
		3F367791226554820080B881 = {
			isa = PBXGroup;
			children = (
				3F36779C226554820080B881 /* ImageWebView */,
				3F3677B1226554820080B881 /* ImageWebViewTests */,
				3F3677BC226554820080B881 /* ImageWebViewUITests */,
				3F36779B226554820080B881 /* Products */,
			);
			sourceTree = "<group>";
		};
		3F36779B226554820080B881 /* Products */ = {
			isa = PBXGroup;
			children = (
				3F36779A226554820080B881 /* ImageWebView.app */,
				3F3677AE226554820080B881 /* ImageWebViewTests.xctest */,
				3F3677B9226554820080B881 /* ImageWebViewUITests.xctest */,
			);
			name = Products;
			sourceTree = "<group>";
		};
		3F36779C226554820080B881 /* ImageWebView */ = {
			isa = PBXGroup;
			children = (
				3F36779D226554820080B881 /* AppDelegate.swift */,
				3F36779F226554820080B881 /* ViewController.swift */,
				3F3677A1226554820080B881 /* Main.storyboard */,
				3F3677A4226554820080B881 /* Assets.xcassets */,
				3F3677A6226554820080B881 /* LaunchScreen.storyboard */,
				3F3677A9226554820080B881 /* Info.plist */,
			);
			path = ImageWebView;
			sourceTree = "<group>";
		};
		3F3677B1226554820080B881 /* ImageWebViewTests */ = {
			isa = PBXGroup;
			children = (
				3F3677B2226554820080B881 /* ImageWebViewTests.swift */,
				3F3677B4226554820080B881 /* Info.plist */,
			);
			path = ImageWebViewTests;
			sourceTree = "<group>";
		};
		3F3677BC226554820080B881 /* ImageWebViewUITests */ = {
			isa = PBXGroup;
			children = (
				3F3677BD226554820080B881 /* ImageWebViewUITests.swift */,
				3F3677BF226554820080B881 /* Info.plist */,
			);
			path = ImageWebViewUITests;
			sourceTree = "<group>";
		};
/* End PBXGroup section */

/* Begin PBXNativeTarget section */
		3F367799226554820080B881 /* ImageWebView */ = {
			isa = PBXNativeTarget;
			buildConfigurationList = 3F3677C2226554820080B881 /* Build configuration list for PBXNativeTarget "ImageWebView" */;
			buildPhases = (
				3F367796226554820080B881 /* Sources */,
				3F367797226554820080B881 /* Frameworks */,
				3F367798226554820080B881 /* Resources */,
			);
			buildRules = (
			);
			dependencies = (
			);
			name = ImageWebView;
			productName = ImageWebView;
			productReference = 3F36779A226554820080B881 /* ImageWebView.app */;
			productType = "com.apple.product-type.application";
		};
		3F3677AD226554820080B881 /* ImageWebViewTests */ = {
			isa = PBXNativeTarget;
			buildConfigurationList = 3F3677C5226554820080B881 /* Build configuration list for PBXNativeTarget "ImageWebViewTests" */;
			buildPhases = (
				3F3677AA226554820080B881 /* Sources */,
				3F3677AB226554820080B881 /* Frameworks */,
				3F3677AC226554820080B881 /* Resources */,
			);
			buildRules = (
			);
			dependencies = (
				3F3677B0226554820080B881 /* PBXTargetDependency */,
			);
			name = ImageWebViewTests;
			productName = ImageWebViewTests;
			productReference = 3F3677AE226554820080B881 /* ImageWebViewTests.xctest */;
			productType = "com.apple.product-type.bundle.unit-test";
		};
		3F3677B8226554820080B881 /* ImageWebViewUITests */ = {
			isa = PBXNativeTarget;
			buildConfigurationList = 3F3677C8226554820080B881 /* Build configuration list for PBXNativeTarget "ImageWebViewUITests" */;
			buildPhases = (
				3F3677B5226554820080B881 /* Sources */,
				3F3677B6226554820080B881 /* Frameworks */,
				3F3677B7226554820080B881 /* Resources */,
			);
			buildRules = (
			);
			dependencies = (
				3F3677BB226554820080B881 /* PBXTargetDependency */,
			);
			name = ImageWebViewUITests;
			productName = ImageWebViewUITests;
			productReference = 3F3677B9226554820080B881 /* ImageWebViewUITests.xctest */;
			productType = "com.apple.product-type.bundle.ui-testing";
		};
/* End PBXNativeTarget section */

/* Begin PBXProject section */
		3F367792226554820080B881 /* Project object */ = {
			isa = PBXProject;
			attributes = {
				LastSwiftUpdateCheck = 0920;
				LastUpgradeCheck = 0920;
				ORGANIZATIONNAME = ColeHemp;
				TargetAttributes = {
					3F367799226554820080B881 = {
						CreatedOnToolsVersion = 9.2;
						ProvisioningStyle = Automatic;
					};
					3F3677AD226554820080B881 = {
						CreatedOnToolsVersion = 9.2;
						ProvisioningStyle = Automatic;
						TestTargetID = 3F367799226554820080B881;
					};
					3F3677B8226554820080B881 = {
						CreatedOnToolsVersion = 9.2;
						ProvisioningStyle = Automatic;
						TestTargetID = 3F367799226554820080B881;
					};
				};
			};
			buildConfigurationList = 3F367795226554820080B881 /* Build configuration list for PBXProject "ImageWebView" */;
			compatibilityVersion = "Xcode 8.0";
			developmentRegion = en;
			hasScannedForEncodings = 0;
			knownRegions = (
				en,
				Base,
			);
			mainGroup = 3F367791226554820080B881;
			productRefGroup = 3F36779B226554820080B881 /* Products */;
			projectDirPath = "";
			projectRoot = "";
			targets = (
				3F367799226554820080B881 /* ImageWebView */,
				3F3677AD226554820080B881 /* ImageWebViewTests */,
				3F3677B8226554820080B881 /* ImageWebViewUITests */,
			);
		};
/* End PBXProject section */

/* Begin PBXResourcesBuildPhase section */
		3F367798226554820080B881 /* Resources */ = {
			isa = PBXResourcesBuildPhase;
			buildActionMask = 2147483647;
			files = (
				3F3677A8226554820080B881 /* LaunchScreen.storyboard in Resources */,
				3F3677A5226554820080B881 /* Assets.xcassets in Resources */,
				3F3677A3226554820080B881 /* Main.storyboard in Resources */,
			);
			runOnlyForDeploymentPostprocessing = 0;
		};
		3F3677AC226554820080B881 /* Resources */ = {
			isa = PBXResourcesBuildPhase;
			buildActionMask = 2147483647;
			files = (
			);
			runOnlyForDeploymentPostprocessing = 0;
		};
		3F3677B7226554820080B881 /* Resources */ = {
			isa = PBXResourcesBuildPhase;
			buildActionMask = 2147483647;
			files = (
			);
			runOnlyForDeploymentPostprocessing = 0;
		};
/* End PBXResourcesBuildPhase section */

/* Begin PBXSourcesBuildPhase section */
		3F367796226554820080B881 /* Sources */ = {
			isa = PBXSourcesBuildPhase;
			buildActionMask = 2147483647;
			files = (
				3F3677A0226554820080B881 /* ViewController.swift in Sources */,
				3F36779E226554820080B881 /* AppDelegate.swift in Sources */,
			);
			runOnlyForDeploymentPostprocessing = 0;
		};
		3F3677AA226554820080B881 /* Sources */ = {
			isa = PBXSourcesBuildPhase;
			buildActionMask = 2147483647;
			files = (
				3F3677B3226554820080B881 /* ImageWebViewTests.swift in Sources */,
			);
			runOnlyForDeploymentPostprocessing = 0;
		};
		3F3677B5226554820080B881 /* Sources */ = {
			isa = PBXSourcesBuildPhase;
			buildActionMask = 2147483647;
			files = (
				3F3677BE226554820080B881 /* ImageWebViewUITests.swift in Sources */,
			);
			runOnlyForDeploymentPostprocessing = 0;
		};
/* End PBXSourcesBuildPhase section */

/* Begin PBXTargetDependency section */
		3F3677B0226554820080B881 /* PBXTargetDependency */ = {
			isa = PBXTargetDependency;
			target = 3F367799226554820080B881 /* ImageWebView */;
			targetProxy = 3F3677AF226554820080B881 /* PBXContainerItemProxy */;
		};
		3F3677BB226554820080B881 /* PBXTargetDependency */ = {
			isa = PBXTargetDependency;
			target = 3F367799226554820080B881 /* ImageWebView */;
			targetProxy = 3F3677BA226554820080B881 /* PBXContainerItemProxy */;
		};
/* End PBXTargetDependency section */

/* Begin PBXVariantGroup section */
		3F3677A1226554820080B881 /* Main.storyboard */ = {
			isa = PBXVariantGroup;
			children = (
				3F3677A2226554820080B881 /* Base */,
			);
			name = Main.storyboard;
			sourceTree = "<group>";
		};
		3F3677A6226554820080B881 /* LaunchScreen.storyboard */ = {
			isa = PBXVariantGroup;
			children = (
				3F3677A7226554820080B881 /* Base */,
			);
			name = LaunchScreen.storyboard;
			sourceTree = "<group>";
		};
/* End PBXVariantGroup section */

/* Begin XCBuildConfiguration section */
		3F3677C0226554820080B881 /* Debug */ = {
			isa = XCBuildConfiguration;
			buildSettings = {
				ALWAYS_SEARCH_USER_PATHS = NO;
				CLANG_ANALYZER_NONNULL = YES;
				CLANG_ANALYZER_NUMBER_OBJECT_CONVERSION = YES_AGGRESSIVE;
				CLANG_CXX_LANGUAGE_STANDARD = "gnu++14";
				CLANG_CXX_LIBRARY = "libc++";
				CLANG_ENABLE_MODULES = YES;
				CLANG_ENABLE_OBJC_ARC = YES;
				CLANG_WARN_BLOCK_CAPTURE_AUTORELEASING = YES;
				CLANG_WARN_BOOL_CONVERSION = YES;
				CLANG_WARN_COMMA = YES;
				CLANG_WARN_CONSTANT_CONVERSION = YES;
				CLANG_WARN_DIRECT_OBJC_ISA_USAGE = YES_ERROR;
				CLANG_WARN_DOCUMENTATION_COMMENTS = YES;
				CLANG_WARN_EMPTY_BODY = YES;
				CLANG_WARN_ENUM_CONVERSION = YES;
				CLANG_WARN_INFINITE_RECURSION = YES;
				CLANG_WARN_INT_CONVERSION = YES;
				CLANG_WARN_NON_LITERAL_NULL_CONVERSION = YES;
				CLANG_WARN_OBJC_LITERAL_CONVERSION = YES;
				CLANG_WARN_OBJC_ROOT_CLASS = YES_ERROR;
				CLANG_WARN_RANGE_LOOP_ANALYSIS = YES;
				CLANG_WARN_STRICT_PROTOTYPES = YES;
				CLANG_WARN_SUSPICIOUS_MOVE = YES;
				CLANG_WARN_UNGUARDED_AVAILABILITY = YES_AGGRESSIVE;
				CLANG_WARN_UNREACHABLE_CODE = YES;
				CLANG_WARN__DUPLICATE_METHOD_MATCH = YES;
				CODE_SIGN_IDENTITY = "iPhone Developer";
				COPY_PHASE_STRIP = NO;
				DEBUG_INFORMATION_FORMAT = dwarf;
				ENABLE_STRICT_OBJC_MSGSEND = YES;
				ENABLE_TESTABILITY = YES;
				GCC_C_LANGUAGE_STANDARD = gnu11;
				GCC_DYNAMIC_NO_PIC = NO;
				GCC_NO_COMMON_BLOCKS = YES;
				GCC_OPTIMIZATION_LEVEL = 0;
				GCC_PREPROCESSOR_DEFINITIONS = (
					"DEBUG=1",
					"$(inherited)",
				);
				GCC_WARN_64_TO_32_BIT_CONVERSION = YES;
				GCC_WARN_ABOUT_RETURN_TYPE = YES_ERROR;
				GCC_WARN_UNDECLARED_SELECTOR = YES;
				GCC_WARN_UNINITIALIZED_AUTOS = YES_AGGRESSIVE;
				GCC_WARN_UNUSED_FUNCTION = YES;
				GCC_WARN_UNUSED_VARIABLE = YES;
				IPHONEOS_DEPLOYMENT_TARGET = 11.2;
				MTL_ENABLE_DEBUG_INFO = YES;
				ONLY_ACTIVE_ARCH = YES;
				SDKROOT = iphoneos;
				SWIFT_ACTIVE_COMPILATION_CONDITIONS = DEBUG;
				SWIFT_OPTIMIZATION_LEVEL = "-Onone";
			};
			name = Debug;
		};
		3F3677C1226554820080B881 /* Release */ = {
			isa = XCBuildConfiguration;
			buildSettings = {
				ALWAYS_SEARCH_USER_PATHS = NO;
				CLANG_ANALYZER_NONNULL = YES;
				CLANG_ANALYZER_NUMBER_OBJECT_CONVERSION = YES_AGGRESSIVE;
				CLANG_CXX_LANGUAGE_STANDARD = "gnu++14";
				CLANG_CXX_LIBRARY = "libc++";
				CLANG_ENABLE_MODULES = YES;
				CLANG_ENABLE_OBJC_ARC = YES;
				CLANG_WARN_BLOCK_CAPTURE_AUTORELEASING = YES;
				CLANG_WARN_BOOL_CONVERSION = YES;
				CLANG_WARN_COMMA = YES;
				CLANG_WARN_CONSTANT_CONVERSION = YES;
				CLANG_WARN_DIRECT_OBJC_ISA_USAGE = YES_ERROR;
				CLANG_WARN_DOCUMENTATION_COMMENTS = YES;
				CLANG_WARN_EMPTY_BODY = YES;
				CLANG_WARN_ENUM_CONVERSION = YES;
				CLANG_WARN_INFINITE_RECURSION = YES;
				CLANG_WARN_INT_CONVERSION = YES;
				CLANG_WARN_NON_LITERAL_NULL_CONVERSION = YES;
				CLANG_WARN_OBJC_LITERAL_CONVERSION = YES;
				CLANG_WARN_OBJC_ROOT_CLASS = YES_ERROR;
				CLANG_WARN_RANGE_LOOP_ANALYSIS = YES;
				CLANG_WARN_STRICT_PROTOTYPES = YES;
				CLANG_WARN_SUSPICIOUS_MOVE = YES;
				CLANG_WARN_UNGUARDED_AVAILABILITY = YES_AGGRESSIVE;
				CLANG_WARN_UNREACHABLE_CODE = YES;
				CLANG_WARN__DUPLICATE_METHOD_MATCH = YES;
				CODE_SIGN_IDENTITY = "iPhone Developer";
				COPY_PHASE_STRIP = NO;
				DEBUG_INFORMATION_FORMAT = "dwarf-with-dsym";
				ENABLE_NS_ASSERTIONS = NO;
				ENABLE_STRICT_OBJC_MSGSEND = YES;
				GCC_C_LANGUAGE_STANDARD = gnu11;
				GCC_NO_COMMON_BLOCKS = YES;
				GCC_WARN_64_TO_32_BIT_CONVERSION = YES;
				GCC_WARN_ABOUT_RETURN_TYPE = YES_ERROR;
				GCC_WARN_UNDECLARED_SELECTOR = YES;
				GCC_WARN_UNINITIALIZED_AUTOS = YES_AGGRESSIVE;
				GCC_WARN_UNUSED_FUNCTION = YES;
				GCC_WARN_UNUSED_VARIABLE = YES;
				IPHONEOS_DEPLOYMENT_TARGET = 11.2;
				MTL_ENABLE_DEBUG_INFO = NO;
				SDKROOT = iphoneos;
				SWIFT_OPTIMIZATION_LEVEL = "-Owholemodule";
				VALIDATE_PRODUCT = YES;
			};
			name = Release;
		};
		3F3677C3226554820080B881 /* Debug */ = {
			isa = XCBuildConfiguration;
			buildSettings = {
				ASSETCATALOG_COMPILER_APPICON_NAME = AppIcon;
				CODE_SIGN_STYLE = Automatic;
				INFOPLIST_FILE = ImageWebView/Info.plist;
				LD_RUNPATH_SEARCH_PATHS = "$(inherited) @executable_path/Frameworks";
				PRODUCT_BUNDLE_IDENTIFIER = ColeHemp.ImageWebView;
				PRODUCT_NAME = "$(TARGET_NAME)";
				SWIFT_VERSION = 4.0;
				TARGETED_DEVICE_FAMILY = "1,2";
			};
			name = Debug;
		};
		3F3677C4226554820080B881 /* Release */ = {
			isa = XCBuildConfiguration;
			buildSettings = {
				ASSETCATALOG_COMPILER_APPICON_NAME = AppIcon;
				CODE_SIGN_STYLE = Automatic;
				INFOPLIST_FILE = ImageWebView/Info.plist;
				LD_RUNPATH_SEARCH_PATHS = "$(inherited) @executable_path/Frameworks";
				PRODUCT_BUNDLE_IDENTIFIER = ColeHemp.ImageWebView;
				PRODUCT_NAME = "$(TARGET_NAME)";
				SWIFT_VERSION = 4.0;
				TARGETED_DEVICE_FAMILY = "1,2";
			};
			name = Release;
		};
		3F3677C6226554820080B881 /* Debug */ = {
			isa = XCBuildConfiguration;
			buildSettings = {
				ALWAYS_EMBED_SWIFT_STANDARD_LIBRARIES = YES;
				BUNDLE_LOADER = "$(TEST_HOST)";
				CODE_SIGN_STYLE = Automatic;
				INFOPLIST_FILE = ImageWebViewTests/Info.plist;
				LD_RUNPATH_SEARCH_PATHS = "$(inherited) @executable_path/Frameworks @loader_path/Frameworks";
				PRODUCT_BUNDLE_IDENTIFIER = ColeHemp.ImageWebViewTests;
				PRODUCT_NAME = "$(TARGET_NAME)";
				SWIFT_VERSION = 4.0;
				TARGETED_DEVICE_FAMILY = "1,2";
				TEST_HOST = "$(BUILT_PRODUCTS_DIR)/ImageWebView.app/ImageWebView";
			};
			name = Debug;
		};
		3F3677C7226554820080B881 /* Release */ = {
			isa = XCBuildConfiguration;
			buildSettings = {
				ALWAYS_EMBED_SWIFT_STANDARD_LIBRARIES = YES;
				BUNDLE_LOADER = "$(TEST_HOST)";
				CODE_SIGN_STYLE = Automatic;
				INFOPLIST_FILE = ImageWebViewTests/Info.plist;
				LD_RUNPATH_SEARCH_PATHS = "$(inherited) @executable_path/Frameworks @loader_path/Frameworks";
				PRODUCT_BUNDLE_IDENTIFIER = ColeHemp.ImageWebViewTests;
				PRODUCT_NAME = "$(TARGET_NAME)";
				SWIFT_VERSION = 4.0;
				TARGETED_DEVICE_FAMILY = "1,2";
				TEST_HOST = "$(BUILT_PRODUCTS_DIR)/ImageWebView.app/ImageWebView";
			};
			name = Release;
		};
		3F3677C9226554820080B881 /* Debug */ = {
			isa = XCBuildConfiguration;
			buildSettings = {
				ALWAYS_EMBED_SWIFT_STANDARD_LIBRARIES = YES;
				CODE_SIGN_STYLE = Automatic;
				INFOPLIST_FILE = ImageWebViewUITests/Info.plist;
				LD_RUNPATH_SEARCH_PATHS = "$(inherited) @executable_path/Frameworks @loader_path/Frameworks";
				PRODUCT_BUNDLE_IDENTIFIER = ColeHemp.ImageWebViewUITests;
				PRODUCT_NAME = "$(TARGET_NAME)";
				SWIFT_VERSION = 4.0;
				TARGETED_DEVICE_FAMILY = "1,2";
				TEST_TARGET_NAME = ImageWebView;
			};
			name = Debug;
		};
		3F3677CA226554820080B881 /* Release */ = {
			isa = XCBuildConfiguration;
			buildSettings = {
				ALWAYS_EMBED_SWIFT_STANDARD_LIBRARIES = YES;
				CODE_SIGN_STYLE = Automatic;
				INFOPLIST_FILE = ImageWebViewUITests/Info.plist;
				LD_RUNPATH_SEARCH_PATHS = "$(inherited) @executable_path/Frameworks @loader_path/Frameworks";
				PRODUCT_BUNDLE_IDENTIFIER = ColeHemp.ImageWebViewUITests;
				PRODUCT_NAME = "$(TARGET_NAME)";
				SWIFT_VERSION = 4.0;
				TARGETED_DEVICE_FAMILY = "1,2";
				TEST_TARGET_NAME = ImageWebView;
			};
			name = Release;
		};
/* End XCBuildConfiguration section */

/* Begin XCConfigurationList section */
		3F367795226554820080B881 /* Build configuration list for PBXProject "ImageWebView" */ = {
			isa = XCConfigurationList;
			buildConfigurations = (
				3F3677C0226554820080B881 /* Debug */,
				3F3677C1226554820080B881 /* Release */,
			);
			defaultConfigurationIsVisible = 0;
			defaultConfigurationName = Release;
		};
		3F3677C2226554820080B881 /* Build configuration list for PBXNativeTarget "ImageWebView" */ = {
			isa = XCConfigurationList;
			buildConfigurations = (
				3F3677C3226554820080B881 /* Debug */,
				3F3677C4226554820080B881 /* Release */,
			);
			defaultConfigurationIsVisible = 0;
			defaultConfigurationName = Release;
		};
		3F3677C5226554820080B881 /* Build configuration list for PBXNativeTarget "ImageWebViewTests" */ = {
			isa = XCConfigurationList;
			buildConfigurations = (
				3F3677C6226554820080B881 /* Debug */,
				3F3677C7226554820080B881 /* Release */,
			);
			defaultConfigurationIsVisible = 0;
			defaultConfigurationName = Release;
		};
		3F3677C8226554820080B881 /* Build configuration list for PBXNativeTarget "ImageWebViewUITests" */ = {
			isa = XCConfigurationList;
			buildConfigurations = (
				3F3677C9226554820080B881 /* Debug */,
				3F3677CA226554820080B881 /* Release */,
			);
			defaultConfigurationIsVisible = 0;
			defaultConfigurationName = Release;
		};
/* End XCConfigurationList section */
	};
	rootObject = 3F367792226554820080B881 /* Project object */;
}
